# THIS IS AN AUTOGENERATED FILE. DO NOT EDIT THIS FILE DIRECTLY.
# yarn lockfile v1


"@chialab/dna@^3.18.2":
  version "3.18.2"
  resolved "https://registry.npmjs.org/@chialab/dna/-/dna-3.18.2.tgz#9b6c909390542068dada738610e2eb5726525087"
  integrity sha512-WVO9dCR4nxo0BYM5Z2f9CyZb+y+FwlzWEYjHW45vYIWXsXFUDcU5x3U0qkf1T9g0S1Ev5NCsFKXP1cvuYh6klw==
  dependencies:
    "@types/jsdom" "^16.0.0"

"@types/jsdom@^16.0.0":
  version "16.2.14"
  resolved "https://registry.npmjs.org/@types/jsdom/-/jsdom-16.2.14.tgz#26fe9da6a8870715b154bb84cd3b2e53433d8720"
  integrity sha512-6BAy1xXEmMuHeAJ4Fv4yXKwBDTGTOseExKE3OaHiNycdHdZw59KfYzrt0DkDluvwmik1HRt6QS7bImxUmpSy+w==
  dependencies:
    "@types/node" "*"
    "@types/parse5" "*"
    "@types/tough-cookie" "*"

"@types/node@*":
  version "18.0.0"
  resolved "https://registry.npmjs.org/@types/node/-/node-18.0.0.tgz#67c7b724e1bcdd7a8821ce0d5ee184d3b4dd525a"
  integrity sha512-cHlGmko4gWLVI27cGJntjs/Sj8th9aYwplmZFwmmgYQQvL5NUsgVJG7OddLvNfLqYS31KFN0s3qlaD9qCaxACA==

"@types/parse5@*":
  version "6.0.3"
  resolved "https://registry.npmjs.org/@types/parse5/-/parse5-6.0.3.tgz#705bb349e789efa06f43f128cef51240753424cb"
  integrity sha512-SuT16Q1K51EAVPz1K29DJ/sXjhSQ0zjvsypYJ6tlwVsRV9jwW5Adq2ch8Dq8kDBCkYnELS7N7VNCSB5nC56t/g==

"@types/tough-cookie@*":
  version "4.0.2"
  resolved "https://registry.npmjs.org/@types/tough-cookie/-/tough-cookie-4.0.2.tgz#6286b4c7228d58ab7866d19716f3696e03a09397"
  integrity sha512-Q5vtl1W5ue16D+nIaW8JWebSSraJVlK+EthKn7e7UcD4KWsaSJ8BqGPXNaPghgtcn/fhvrN17Tv8ksUsQpiplw==
